Microsoft Visual Studio Solution File, Format Version 12.00
# Visual Studio Version 18
VisualStudioVersion = 18.4.11605.240
MinimumVisualStudioVersion = 10.0.40219.1
Project("{9A19103F-16F7-4668-BE54-9A1E7A4F7556}") = "GovUK.Dfe.FlexForms.Web", "src\GovUK.Dfe.FlexForms.Web\GovUK.Dfe.FlexForms.Web.csproj", "{CA38CBED-6681-4A44-BEC8-832D5171D59F}"
EndProject
Project("{9A19103F-16F7-4668-BE54-9A1E7A4F7556}") = "GovUK.Dfe.FlexForms.Domain", "src\GovUK.Dfe.FlexForms.Domain\GovUK.Dfe.FlexForms.Domain.csproj", "{F8DC3D4E-5AB5-4D9B-927D-63F0F8B2CFE7}"
EndProject
Project("{9A19103F-16F7-4668-BE54-9A1E7A4F7556}") = "GovUK.Dfe.FlexForms.Application", "src\GovUK.Dfe.FlexForms.Application\GovUK.Dfe.FlexForms.Application.csproj", "{1DC38736-EF38-446D-B24E-E498E496F501}"
EndProject
Project("{9A19103F-16F7-4668-BE54-9A1E7A4F7556}") = "GovUK.Dfe.FlexForms.Infrastructure", "src\GovUK.Dfe.FlexForms.Infrastructure\GovUK.Dfe.FlexForms.Infrastructure.csproj", "{72352B4A-6C2E-4800-B7E1-0B5E3111FE93}"
EndProject
Project("{2150E333-8FDC-42A3-9474-1A3956D46DE8}") = "Tests", "Tests", "{F62DE500-90E9-431D-B84C-8DF4CB166F54}"
EndProject
Project("{9A19103F-16F7-4668-BE54-9A1E7A4F7556}") = "GovUK.Dfe.FlexForms.Web.UnitTests", "src\Tests\GovUK.Dfe.FlexForms.Web.UnitTests\GovUK.Dfe.FlexForms.Web.UnitTests.csproj", "{A5568E05-5568-49E3-BF8A-08EA7AB74960}"
EndProject
Project("{9A19103F-16F7-4668-BE54-9A1E7A4F7556}") = "GovUK.Dfe.FlexForms.Infrastructure.UnitTests", "src\Tests\GovUK.Dfe.FlexForms.Infrastructure.UnitTests\GovUK.Dfe.FlexForms.Infrastructure.UnitTests.csproj", "{FB4D1E39-01AB-47D4-8394-270993A56B0D}"
EndProject
Project("{9A19103F-16F7-4668-BE54-9A1E7A4F7556}") = "GovUK.Dfe.FlexForms.Application.Tests", "src\Tests\GovUK.Dfe.FlexForms.Application.Tests\GovUK.Dfe.FlexForms.Application.Tests.csproj", "{B3E91C47-8A2F-4D16-9C55-7E1A0F8D3B24}"
EndProject
Project("{9A19103F-16F7-4668-BE54-9A1E7A4F7556}") = "GovUK.Dfe.FlexForms.Domain.Tests", "src\Tests\GovUK.Dfe.FlexForms.Domain.Tests\GovUK.Dfe.FlexForms.Domain.Tests.csproj", "{E6C12A90-4B7D-4F18-9A33-2C8D1E5F0471}"
EndProject
Project("{9A19103F-16F7-4668-BE54-9A1E7A4F7556}") = "GovUK.Dfe.FlexForms.PlaywrightTests", "src\Tests\GovUK.Dfe.FlexForms.PlaywrightTests\GovUK.Dfe.FlexForms.PlaywrightTests.csproj", "{846E3E3A-A010-4343-A498-C0B28A177A8E}"
EndProject
Global
	GlobalSection(SolutionConfigurationPlatforms) = preSolution
		Debug|Any CPU = Debug|Any CPU
		Release|Any CPU = Release|Any CPU
	EndGlobalSection
	GlobalSection(ProjectConfigurationPlatforms) = postSolution
		{CA38CBED-6681-4A44-BEC8-832D5171D59F}.Debug|Any CPU.ActiveCfg = Debug|Any CPU
		{CA38CBED-6681-4A44-BEC8-832D5171D59F}.Debug|Any CPU.Build.0 = Debug|Any CPU
		{CA38CBED-6681-4A44-BEC8-832D5171D59F}.Release|Any CPU.ActiveCfg = Release|Any CPU
		{CA38CBED-6681-4A44-BEC8-832D5171D59F}.Release|Any CPU.Build.0 = Release|Any CPU
		{F8DC3D4E-5AB5-4D9B-927D-63F0F8B2CFE7}.Debug|Any CPU.ActiveCfg = Debug|Any CPU
		{F8DC3D4E-5AB5-4D9B-927D-63F0F8B2CFE7}.Debug|Any CPU.Build.0 = Debug|Any CPU
		{F8DC3D4E-5AB5-4D9B-927D-63F0F8B2CFE7}.Release|Any CPU.ActiveCfg = Release|Any CPU
		{F8DC3D4E-5AB5-4D9B-927D-63F0F8B2CFE7}.Release|Any CPU.Build.0 = Release|Any CPU
		{1DC38736-EF38-446D-B24E-E498E496F501}.Debug|Any CPU.ActiveCfg = Debug|Any CPU
		{1DC38736-EF38-446D-B24E-E498E496F501}.Debug|Any CPU.Build.0 = Debug|Any CPU
		{1DC38736-EF38-446D-B24E-E498E496F501}.Release|Any CPU.ActiveCfg = Release|Any CPU
		{1DC38736-EF38-446D-B24E-E498E496F501}.Release|Any CPU.Build.0 = Release|Any CPU
		{72352B4A-6C2E-4800-B7E1-0B5E3111FE93}.Debug|Any CPU.ActiveCfg = Debug|Any CPU
		{72352B4A-6C2E-4800-B7E1-0B5E3111FE93}.Debug|Any CPU.Build.0 = Debug|Any CPU
		{72352B4A-6C2E-4800-B7E1-0B5E3111FE93}.Release|Any CPU.ActiveCfg = Release|Any CPU
		{72352B4A-6C2E-4800-B7E1-0B5E3111FE93}.Release|Any CPU.Build.0 = Release|Any CPU
		{A5568E05-5568-49E3-BF8A-08EA7AB74960}.Debug|Any CPU.ActiveCfg = Debug|Any CPU
		{A5568E05-5568-49E3-BF8A-08EA7AB74960}.Debug|Any CPU.Build.0 = Debug|Any CPU
		{A5568E05-5568-49E3-BF8A-08EA7AB74960}.Release|Any CPU.ActiveCfg = Release|Any CPU
		{A5568E05-5568-49E3-BF8A-08EA7AB74960}.Release|Any CPU.Build.0 = Release|Any CPU
		{FB4D1E39-01AB-47D4-8394-270993A56B0D}.Debug|Any CPU.ActiveCfg = Debug|Any CPU
		{FB4D1E39-01AB-47D4-8394-270993A56B0D}.Debug|Any CPU.Build.0 = Debug|Any CPU
		{FB4D1E39-01AB-47D4-8394-270993A56B0D}.Release|Any CPU.ActiveCfg = Release|Any CPU
		{FB4D1E39-01AB-47D4-8394-270993A56B0D}.Release|Any CPU.Build.0 = Release|Any CPU
		{B3E91C47-8A2F-4D16-9C55-7E1A0F8D3B24}.Debug|Any CPU.ActiveCfg = Debug|Any CPU
		{B3E91C47-8A2F-4D16-9C55-7E1A0F8D3B24}.Debug|Any CPU.Build.0 = Debug|Any CPU
		{B3E91C47-8A2F-4D16-9C55-7E1A0F8D3B24}.Release|Any CPU.ActiveCfg = Release|Any CPU
		{B3E91C47-8A2F-4D16-9C55-7E1A0F8D3B24}.Release|Any CPU.Build.0 = Release|Any CPU
		{E6C12A90-4B7D-4F18-9A33-2C8D1E5F0471}.Debug|Any CPU.ActiveCfg = Debug|Any CPU
		{E6C12A90-4B7D-4F18-9A33-2C8D1E5F0471}.Debug|Any CPU.Build.0 = Debug|Any CPU
		{E6C12A90-4B7D-4F18-9A33-2C8D1E5F0471}.Release|Any CPU.ActiveCfg = Release|Any CPU
		{E6C12A90-4B7D-4F18-9A33-2C8D1E5F0471}.Release|Any CPU.Build.0 = Release|Any CPU
		{846E3E3A-A010-4343-A498-C0B28A177A8E}.Debug|Any CPU.ActiveCfg = Debug|Any CPU
		{846E3E3A-A010-4343-A498-C0B28A177A8E}.Debug|Any CPU.Build.0 = Debug|Any CPU
		{846E3E3A-A010-4343-A498-C0B28A177A8E}.Release|Any CPU.ActiveCfg = Release|Any CPU
		{846E3E3A-A010-4343-A498-C0B28A177A8E}.Release|Any CPU.Build.0 = Release|Any CPU
	EndGlobalSection
	GlobalSection(SolutionProperties) = preSolution
		HideSolutionNode = FALSE
	EndGlobalSection
	GlobalSection(NestedProjects) = preSolution
		{A5568E05-5568-49E3-BF8A-08EA7AB74960} = {F62DE500-90E9-431D-B84C-8DF4CB166F54}
		{FB4D1E39-01AB-47D4-8394-270993A56B0D} = {F62DE500-90E9-431D-B84C-8DF4CB166F54}
		{B3E91C47-8A2F-4D16-9C55-7E1A0F8D3B24} = {F62DE500-90E9-431D-B84C-8DF4CB166F54}
		{E6C12A90-4B7D-4F18-9A33-2C8D1E5F0471} = {F62DE500-90E9-431D-B84C-8DF4CB166F54}
		{846E3E3A-A010-4343-A498-C0B28A177A8E} = {F62DE500-90E9-431D-B84C-8DF4CB166F54}
	EndGlobalSection
	GlobalSection(ExtensibilityGlobals) = postSolution
		SolutionGuid = {F20FD7F1-3208-45E6-B45D-AF2EBDF28903}
	EndGlobalSection
EndGlobal
